{
  "name": "hebrew_translator_cli",
  "version": "1.0.0",
  "lockfileVersion": 2,
  "requires": true,
  "packages": {
    "": {
      "name": "hebrew_translator_cli",
      "version": "1.0.0",
      "license": "ISC",
      "dependencies": {
        "hebrew-transliteration": "^2.4.0"
      }
    },
    "node_modules/havarotjs": {
      "version": "0.13.1",
      "resolved": "https://registry.npmjs.org/havarotjs/-/havarotjs-0.13.1.tgz",
      "integrity": "sha512-vlD696LHF5BKzU9GfC0slQIcfHWrVM9bWIBxMaCvkPxjY67KhnrFm/OCvVZ0bIlcxF1AOEEmfA+lZV5Aw3ampg==",
      "engines": {
        "node": ">=15.0.0"
      }
    },
    "node_modules/hebrew-transliteration": {
      "version": "2.4.0",
      "resolved": "https://registry.npmjs.org/hebrew-transliteration/-/hebrew-transliteration-2.4.0.tgz",
      "integrity": "sha512-LGyMp5pLU277uY8VejyibJKpKs2I25CfoIlrsIEb0guDY+vhID4xHV8CwHie5j1EUjFTpox/9ARX1QT2l25Zgw==",
      "dependencies": {
        "havarotjs": "^0.13.1"
      }
    }
  },
  "dependencies": {
    "havarotjs": {
      "version": "0.13.1",
      "resolved": "https://registry.npmjs.org/havarotjs/-/havarotjs-0.13.1.tgz",
      "integrity": "sha512-vlD696LHF5BKzU9GfC0slQIcfHWrVM9bWIBxMaCvkPxjY67KhnrFm/OCvVZ0bIlcxF1AOEEmfA+lZV5Aw3ampg=="
    },
    "hebrew-transliteration": {
      "version": "2.4.0",
      "resolved": "https://registry.npmjs.org/hebrew-transliteration/-/hebrew-transliteration-2.4.0.tgz",
      "integrity": "sha512-LGyMp5pLU277uY8VejyibJKpKs2I25CfoIlrsIEb0guDY+vhID4xHV8CwHie5j1EUjFTpox/9ARX1QT2l25Zgw==",
      "requires": {
        "havarotjs": "^0.13.1"
      }
    }
  }
}
